
Microsoft Visual Studio Solution File, Format Version 12.00
# Visual Studio Version 17
VisualStudioVersion = 17.13.35825.156 d17.13
MinimumVisualStudioVersion = 10.0.40219.1
Project("{FAE04EC0-301F-11D3-BF4B-00C04F79EFBC}") = "czolg", "czolg.csproj", "{8D68156C-73D4-400D-A2B5-9E7ACC8008B9}"
EndProject
Global
	GlobalSection(SolutionConfigurationPlatforms) = preSolution
		Debug|Any CPU = Debug|Any CPU
		Release|Any CPU = Release|Any CPU
	EndGlobalSection
	GlobalSection(ProjectConfigurationPlatforms) = postSolution
		{8D68156C-73D4-400D-A2B5-9E7ACC8008B9}.Debug|Any CPU.ActiveCfg = Debug|Any CPU
		{8D68156C-73D4-400D-A2B5-9E7ACC8008B9}.Debug|Any CPU.Build.0 = Debug|Any CPU
		{8D68156C-73D4-400D-A2B5-9E7ACC8008B9}.Release|Any CPU.ActiveCfg = Release|Any CPU
		{8D68156C-73D4-400D-A2B5-9E7ACC8008B9}.Release|Any CPU.Build.0 = Release|Any CPU
	EndGlobalSection
	GlobalSection(SolutionProperties) = preSolution
		HideSolutionNode = FALSE
	EndGlobalSection
	GlobalSection(ExtensibilityGlobals) = postSolution
		SolutionGuid = {7818F2B3-91D1-4158-B3F3-8D061C5C1F64}
	EndGlobalSection
EndGlobal
