
Microsoft Visual Studio Solution File, Format Version 12.00
# Visual Studio Version 17
VisualStudioVersion = 17.13.35825.156 d17.13
MinimumVisualStudioVersion = 10.0.40219.1
Project("{FAE04EC0-301F-11D3-BF4B-00C04F79EFBC}") = "ludzik", "ludzik.csproj", "{6A79EA76-7644-49DB-BD9E-15AF261C9410}"
EndProject
Global
	GlobalSection(SolutionConfigurationPlatforms) = preSolution
		Debug|Any CPU = Debug|Any CPU
		Release|Any CPU = Release|Any CPU
	EndGlobalSection
	GlobalSection(ProjectConfigurationPlatforms) = postSolution
		{6A79EA76-7644-49DB-BD9E-15AF261C9410}.Debug|Any CPU.ActiveCfg = Debug|Any CPU
		{6A79EA76-7644-49DB-BD9E-15AF261C9410}.Debug|Any CPU.Build.0 = Debug|Any CPU
		{6A79EA76-7644-49DB-BD9E-15AF261C9410}.Release|Any CPU.ActiveCfg = Release|Any CPU
		{6A79EA76-7644-49DB-BD9E-15AF261C9410}.Release|Any CPU.Build.0 = Release|Any CPU
	EndGlobalSection
	GlobalSection(SolutionProperties) = preSolution
		HideSolutionNode = FALSE
	EndGlobalSection
	GlobalSection(ExtensibilityGlobals) = postSolution
		SolutionGuid = {D2FB9F52-14E8-4399-B319-242F8B97771A}
	EndGlobalSection
EndGlobal
